
Microsoft Visual Studio Solution File, Format Version 12.00
# Visual Studio Version 16
VisualStudioVersion = 16.0.32413.511
MinimumVisualStudioVersion = 10.0.40219.1
Project("{9A19103F-16F7-4668-BE54-9A1E7A4F7556}") = "adoSBTriggerfunc", "adoSBTriggerfunc\adoSBTriggerfunc.csproj", "{5D90F7AF-8D65-475D-A901-6FC9268DB350}"
EndProject
Project("{9A19103F-16F7-4668-BE54-9A1E7A4F7556}") = "ADOHelper", "ADOHelper\ADOHelper.csproj", "{0E5C83EC-EF2A-49D4-85D7-AE369F86090E}"
EndProject
Global
	GlobalSection(SolutionConfigurationPlatforms) = preSolution
		Debug|Any CPU = Debug|Any CPU
		Release|Any CPU = Release|Any CPU
	EndGlobalSection
	GlobalSection(ProjectConfigurationPlatforms) = postSolution
		{5D90F7AF-8D65-475D-A901-6FC9268DB350}.Debug|Any CPU.ActiveCfg = Debug|Any CPU
		{5D90F7AF-8D65-475D-A901-6FC9268DB350}.Debug|Any CPU.Build.0 = Debug|Any CPU
		{5D90F7AF-8D65-475D-A901-6FC9268DB350}.Release|Any CPU.ActiveCfg = Release|Any CPU
		{5D90F7AF-8D65-475D-A901-6FC9268DB350}.Release|Any CPU.Build.0 = Release|Any CPU
		{0E5C83EC-EF2A-49D4-85D7-AE369F86090E}.Debug|Any CPU.ActiveCfg = Debug|Any CPU
		{0E5C83EC-EF2A-49D4-85D7-AE369F86090E}.Debug|Any CPU.Build.0 = Debug|Any CPU
		{0E5C83EC-EF2A-49D4-85D7-AE369F86090E}.Release|Any CPU.ActiveCfg = Release|Any CPU
		{0E5C83EC-EF2A-49D4-85D7-AE369F86090E}.Release|Any CPU.Build.0 = Release|Any CPU
	EndGlobalSection
	GlobalSection(SolutionProperties) = preSolution
		HideSolutionNode = FALSE
	EndGlobalSection
	GlobalSection(ExtensibilityGlobals) = postSolution
		SolutionGuid = {6BF73F05-3626-44C3-927A-2EB725D8C753}
	EndGlobalSection
EndGlobal
